// !$*UTF8*$!
{
	archiveVersion = 1;
	classes = {
	};
	objectVersion = 77;
	objects = {

/* Begin PBXContainerItemProxy section */
		49A2356F2E565E2B00283785 /* PBXContainerItemProxy */ = {
			isa = PBXContainerItemProxy;
			containerPortal = 49A235582E565E2900283785 /* Project object */;
			proxyType = 1;
			remoteGlobalIDString = 49A2355F2E565E2900283785;
			remoteInfo = BankTransactApp;
		};
		49A235792E565E2B00283785 /* PBXContainerItemProxy */ = {
			isa = PBXContainerItemProxy;
			containerPortal = 49A235582E565E2900283785 /* Project object */;
			proxyType = 1;
			remoteGlobalIDString = 49A2355F2E565E2900283785;
			remoteInfo = BankTransactApp;
		};
/* End PBXContainerItemProxy section */

/* Begin PBXFileReference section */
		49A235602E565E2900283785 /* BankTransactApp.app */ = {isa = PBXFileReference; explicitFileType = wrapper.application; includeInIndex = 0; path = BankTransactApp.app; sourceTree = BUILT_PRODUCTS_DIR; };
		49A2356E2E565E2B00283785 /* BankTransactAppTests.xctest */ = {isa = PBXFileReference; explicitFileType = wrapper.cfbundle; includeInIndex = 0; path = BankTransactAppTests.xctest; sourceTree = BUILT_PRODUCTS_DIR; };
		49A235782E565E2B00283785 /* BankTransactAppUITests.xctest */ = {isa = PBXFileReference; explicitFileType = wrapper.cfbundle; includeInIndex = 0; path = BankTransactAppUITests.xctest; sourceTree = BUILT_PRODUCTS_DIR; };
/* End PBXFileReference section */

/* Begin PBXFileSystemSynchronizedRootGroup section */
		49A235622E565E2900283785 /* BankTransactApp */ = {
			isa = PBXFileSystemSynchronizedRootGroup;
			path = BankTransactApp;
			sourceTree = "<group>";
		};
		49A235712E565E2B00283785 /* BankTransactAppTests */ = {
			isa = PBXFileSystemSynchronizedRootGroup;
			path = BankTransactAppTests;
			sourceTree = "<group>";
		};
		49A2357B2E565E2B00283785 /* BankTransactAppUITests */ = {
			isa = PBXFileSystemSynchronizedRootGroup;
			path = BankTransactAppUITests;
			sourceTree = "<group>";
		};
/* End PBXFileSystemSynchronizedRootGroup section */

/* Begin PBXFrameworksBuildPhase section */
		49A2355D2E565E2900283785 /* Frameworks */ = {
			isa = PBXFrameworksBuildPhase;
			buildActionMask = 2147483647;
			files = (
			);
			runOnlyForDeploymentPostprocessing = 0;
		};
		49A2356B2E565E2B00283785 /* Frameworks */ = {
			isa = PBXFrameworksBuildPhase;
			buildActionMask = 2147483647;
			files = (
			);
			runOnlyForDeploymentPostprocessing = 0;
		};
		49A235752E565E2B00283785 /* Frameworks */ = {
			isa = PBXFrameworksBuildPhase;
			buildActionMask = 2147483647;
			files = (
			);
			runOnlyForDeploymentPostprocessing = 0;
		};
/* End PBXFrameworksBuildPhase section */

/* Begin PBXGroup section */
		49A235572E565E2900283785 = {
			isa = PBXGroup;
			children = (
				49A235622E565E2900283785 /* BankTransactApp */,
				49A235712E565E2B00283785 /* BankTransactAppTests */,
				49A2357B2E565E2B00283785 /* BankTransactAppUITests */,
				49A235612E565E2900283785 /* Products */,
			);
			sourceTree = "<group>";
		};
		49A235612E565E2900283785 /* Products */ = {
			isa = PBXGroup;
			children = (
				49A235602E565E2900283785 /* BankTransactApp.app */,
				49A2356E2E565E2B00283785 /* BankTransactAppTests.xctest */,
				49A235782E565E2B00283785 /* BankTransactAppUITests.xctest */,
			);
			name = Products;
			sourceTree = "<group>";
		};
/* End PBXGroup section */

/* Begin PBXNativeTarget section */
		49A2355F2E565E2900283785 /* BankTransactApp */ = {
			isa = PBXNativeTarget;
			buildConfigurationList = 49A235822E565E2B00283785 /* Build configuration list for PBXNativeTarget "BankTransactApp" */;
			buildPhases = (
				49A2355C2E565E2900283785 /* Sources */,
				49A2355D2E565E2900283785 /* Frameworks */,
				49A2355E2E565E2900283785 /* Resources */,
			);
			buildRules = (
			);
			dependencies = (
			);
			fileSystemSynchronizedGroups = (
				49A235622E565E2900283785 /* BankTransactApp */,
			);
			name = BankTransactApp;
			packageProductDependencies = (
			);
			productName = BankTransactApp;
			productReference = 49A235602E565E2900283785 /* BankTransactApp.app */;
			productType = "com.apple.product-type.application";
		};
		49A2356D2E565E2B00283785 /* BankTransactAppTests */ = {
			isa = PBXNativeTarget;
			buildConfigurationList = 49A235852E565E2B00283785 /* Build configuration list for PBXNativeTarget "BankTransactAppTests" */;
			buildPhases = (
				49A2356A2E565E2B00283785 /* Sources */,
				49A2356B2E565E2B00283785 /* Frameworks */,
				49A2356C2E565E2B00283785 /* Resources */,
			);
			buildRules = (
			);
			dependencies = (
				49A235702E565E2B00283785 /* PBXTargetDependency */,
			);
			fileSystemSynchronizedGroups = (
				49A235712E565E2B00283785 /* BankTransactAppTests */,
			);
			name = BankTransactAppTests;
			packageProductDependencies = (
			);
			productName = BankTransactAppTests;
			productReference = 49A2356E2E565E2B00283785 /* BankTransactAppTests.xctest */;
			productType = "com.apple.product-type.bundle.unit-test";
		};
		49A235772E565E2B00283785 /* BankTransactAppUITests */ = {
			isa = PBXNativeTarget;
			buildConfigurationList = 49A235882E565E2B00283785 /* Build configuration list for PBXNativeTarget "BankTransactAppUITests" */;
			buildPhases = (
				49A235742E565E2B00283785 /* Sources */,
				49A235752E565E2B00283785 /* Frameworks */,
				49A235762E565E2B00283785 /* Resources */,
			);
			buildRules = (
			);
			dependencies = (
				49A2357A2E565E2B00283785 /* PBXTargetDependency */,
			);
			fileSystemSynchronizedGroups = (
				49A2357B2E565E2B00283785 /* BankTransactAppUITests */,
			);
			name = BankTransactAppUITests;
			packageProductDependencies = (
			);
			productName = BankTransactAppUITests;
			productReference = 49A235782E565E2B00283785 /* BankTransactAppUITests.xctest */;
			productType = "com.apple.product-type.bundle.ui-testing";
		};
/* End PBXNativeTarget section */

/* Begin PBXProject section */
		49A235582E565E2900283785 /* Project object */ = {
			isa = PBXProject;
			attributes = {
				BuildIndependentTargetsInParallel = 1;
				LastSwiftUpdateCheck = 1640;
				LastUpgradeCheck = 1640;
				TargetAttributes = {
					49A2355F2E565E2900283785 = {
						CreatedOnToolsVersion = 16.4;
						LastSwiftMigration = 1640;
					};
					49A2356D2E565E2B00283785 = {
						CreatedOnToolsVersion = 16.4;
						TestTargetID = 49A2355F2E565E2900283785;
					};
					49A235772E565E2B00283785 = {
						CreatedOnToolsVersion = 16.4;
						TestTargetID = 49A2355F2E565E2900283785;
					};
				};
			};
			buildConfigurationList = 49A2355B2E565E2900283785 /* Build configuration list for PBXProject "BankTransactApp" */;
			developmentRegion = en;
			hasScannedForEncodings = 0;
			knownRegions = (
				en,
				Base,
			);
			mainGroup = 49A235572E565E2900283785;
			minimizedProjectReferenceProxies = 1;
			preferredProjectObjectVersion = 77;
			productRefGroup = 49A235612E565E2900283785 /* Products */;
			projectDirPath = "";
			projectRoot = "";
			targets = (
				49A2355F2E565E2900283785 /* BankTransactApp */,
				49A2356D2E565E2B00283785 /* BankTransactAppTests */,
				49A235772E565E2B00283785 /* BankTransactAppUITests */,
			);
		};
/* End PBXProject section */

/* Begin PBXResourcesBuildPhase section */
		49A2355E2E565E2900283785 /* Resources */ = {
			isa = PBXResourcesBuildPhase;
			buildActionMask = 2147483647;
			files = (
			);
			runOnlyForDeploymentPostprocessing = 0;
		};
		49A2356C2E565E2B00283785 /* Resources */ = {
			isa = PBXResourcesBuildPhase;
			buildActionMask = 2147483647;
			files = (
			);
			runOnlyForDeploymentPostprocessing = 0;
		};
		49A235762E565E2B00283785 /* Resources */ = {
			isa = PBXResourcesBuildPhase;
			buildActionMask = 2147483647;
			files = (
			);
			runOnlyForDeploymentPostprocessing = 0;
		};
/* End PBXResourcesBuildPhase section */

/* Begin PBXSourcesBuildPhase section */
		49A2355C2E565E2900283785 /* Sources */ = {
			isa = PBXSourcesBuildPhase;
			buildActionMask = 2147483647;
			files = (
			);
			runOnlyForDeploymentPostprocessing = 0;
		};
		49A2356A2E565E2B00283785 /* Sources */ = {
			isa = PBXSourcesBuildPhase;
			buildActionMask = 2147483647;
			files = (
			);
			runOnlyForDeploymentPostprocessing = 0;
		};
		49A235742E565E2B00283785 /* Sources */ = {
			isa = PBXSourcesBuildPhase;
			buildActionMask = 2147483647;
			files = (
			);
			runOnlyForDeploymentPostprocessing = 0;
		};
/* End PBXSourcesBuildPhase section */

/* Begin PBXTargetDependency section */
		49A235702E565E2B00283785 /* PBXTargetDependency */ = {
			isa = PBXTargetDependency;
			target = 49A2355F2E565E2900283785 /* BankTransactApp */;
			targetProxy = 49A2356F2E565E2B00283785 /* PBXContainerItemProxy */;
		};
		49A2357A2E565E2B00283785 /* PBXTargetDependency */ = {
			isa = PBXTargetDependency;
			target = 49A2355F2E565E2900283785 /* BankTransactApp */;
			targetProxy = 49A235792E565E2B00283785 /* PBXContainerItemProxy */;
		};
/* End PBXTargetDependency section */

/* Begin XCBuildConfiguration section */
		49A235802E565E2B00283785 /* Debug */ = {
			isa = XCBuildConfiguration;
			buildSettings = {
				ALWAYS_SEARCH_USER_PATHS = NO;
				ASSETCATALOG_COMPILER_GENERATE_SWIFT_ASSET_SYMBOL_EXTENSIONS = YES;
				CLANG_ANALYZER_NONNULL = YES;
				CLANG_ANALYZER_NUMBER_OBJECT_CONVERSION = YES_AGGRESSIVE;
				CLANG_CXX_LANGUAGE_STANDARD = "gnu++20";
				CLANG_ENABLE_MODULES = YES;
				CLANG_ENABLE_OBJC_ARC = YES;
				CLANG_ENABLE_OBJC_WEAK = YES;
				CLANG_WARN_BLOCK_CAPTURE_AUTORELEASING = YES;
				CLANG_WARN_BOOL_CONVERSION = YES;
				CLANG_WARN_COMMA = YES;
				CLANG_WARN_CONSTANT_CONVERSION = YES;
				CLANG_WARN_DEPRECATED_OBJC_IMPLEMENTATIONS = YES;
				CLANG_WARN_DIRECT_OBJC_ISA_USAGE = YES_ERROR;
				CLANG_WARN_DOCUMENTATION_COMMENTS = YES;
				CLANG_WARN_EMPTY_BODY = YES;
				CLANG_WARN_ENUM_CONVERSION = YES;
				CLANG_WARN_INFINITE_RECURSION = YES;
				CLANG_WARN_INT_CONVERSION = YES;
				CLANG_WARN_NON_LITERAL_NULL_CONVERSION = YES;
				CLANG_WARN_OBJC_IMPLICIT_RETAIN_SELF = YES;
				CLANG_WARN_OBJC_LITERAL_CONVERSION = YES;
				CLANG_WARN_OBJC_ROOT_CLASS = YES_ERROR;
				CLANG_WARN_QUOTED_INCLUDE_IN_FRAMEWORK_HEADER = YES;
				CLANG_WARN_RANGE_LOOP_ANALYSIS = YES;
				CLANG_WARN_STRICT_PROTOTYPES = YES;
				CLANG_WARN_SUSPICIOUS_MOVE = YES;
				CLANG_WARN_UNGUARDED_AVAILABILITY = YES_AGGRESSIVE;
				CLANG_WARN_UNREACHABLE_CODE = YES;
				CLANG_WARN__DUPLICATE_METHOD_MATCH = YES;
				COPY_PHASE_STRIP = NO;
				DEBUG_INFORMATION_FORMAT = dwarf;
				ENABLE_STRICT_OBJC_MSGSEND = YES;
				ENABLE_TESTABILITY = YES;
				ENABLE_USER_SCRIPT_SANDBOXING = YES;
				GCC_C_LANGUAGE_STANDARD = gnu17;
				GCC_DYNAMIC_NO_PIC = NO;
				GCC_NO_COMMON_BLOCKS = YES;
				GCC_OPTIMIZATION_LEVEL = 0;
				GCC_PREPROCESSOR_DEFINITIONS = (
					"DEBUG=1",
					"$(inherited)",
				);
				GCC_WARN_64_TO_32_BIT_CONVERSION = YES;
				GCC_WARN_ABOUT_RETURN_TYPE = YES_ERROR;
				GCC_WARN_UNDECLARED_SELECTOR = YES;
				GCC_WARN_UNINITIALIZED_AUTOS = YES_AGGRESSIVE;
				GCC_WARN_UNUSED_FUNCTION = YES;
				GCC_WARN_UNUSED_VARIABLE = YES;
				LOCALIZATION_PREFERS_STRING_CATALOGS = YES;
				MACOSX_DEPLOYMENT_TARGET = 15.5;
				MTL_ENABLE_DEBUG_INFO = INCLUDE_SOURCE;
				MTL_FAST_MATH = YES;
				ONLY_ACTIVE_ARCH = YES;
				SDKROOT = macosx;
				SWIFT_ACTIVE_COMPILATION_CONDITIONS = "DEBUG $(inherited)";
				SWIFT_OPTIMIZATION_LEVEL = "-Onone";
			};
			name = Debug;
		};
		49A235812E565E2B00283785 /* Release */ = {
			isa = XCBuildConfiguration;
			buildSettings = {
				ALWAYS_SEARCH_USER_PATHS = NO;
				ASSETCATALOG_COMPILER_GENERATE_SWIFT_ASSET_SYMBOL_EXTENSIONS = YES;
				CLANG_ANALYZER_NONNULL = YES;
				CLANG_ANALYZER_NUMBER_OBJECT_CONVERSION = YES_AGGRESSIVE;
				CLANG_CXX_LANGUAGE_STANDARD = "gnu++20";
				CLANG_ENABLE_MODULES = YES;
				CLANG_ENABLE_OBJC_ARC = YES;
				CLANG_ENABLE_OBJC_WEAK = YES;
				CLANG_WARN_BLOCK_CAPTURE_AUTORELEASING = YES;
				CLANG_WARN_BOOL_CONVERSION = YES;
				CLANG_WARN_COMMA = YES;
				CLANG_WARN_CONSTANT_CONVERSION = YES;
				CLANG_WARN_DEPRECATED_OBJC_IMPLEMENTATIONS = YES;
				CLANG_WARN_DIRECT_OBJC_ISA_USAGE = YES_ERROR;
				CLANG_WARN_DOCUMENTATION_COMMENTS = YES;
				CLANG_WARN_EMPTY_BODY = YES;
				CLANG_WARN_ENUM_CONVERSION = YES;
				CLANG_WARN_INFINITE_RECURSION = YES;
				CLANG_WARN_INT_CONVERSION = YES;
				CLANG_WARN_NON_LITERAL_NULL_CONVERSION = YES;
				CLANG_WARN_OBJC_IMPLICIT_RETAIN_SELF = YES;
				CLANG_WARN_OBJC_LITERAL_CONVERSION = YES;
				CLANG_WARN_OBJC_ROOT_CLASS = YES_ERROR;
				CLANG_WARN_QUOTED_INCLUDE_IN_FRAMEWORK_HEADER = YES;
				CLANG_WARN_RANGE_LOOP_ANALYSIS = YES;
				CLANG_WARN_STRICT_PROTOTYPES = YES;
				CLANG_WARN_SUSPICIOUS_MOVE = YES;
				CLANG_WARN_UNGUARDED_AVAILABILITY = YES_AGGRESSIVE;
				CLANG_WARN_UNREACHABLE_CODE = YES;
				CLANG_WARN__DUPLICATE_METHOD_MATCH = YES;
				COPY_PHASE_STRIP = NO;
				DEBUG_INFORMATION_FORMAT = "dwarf-with-dsym";
				ENABLE_NS_ASSERTIONS = NO;
				ENABLE_STRICT_OBJC_MSGSEND = YES;
				ENABLE_USER_SCRIPT_SANDBOXING = YES;
				GCC_C_LANGUAGE_STANDARD = gnu17;
				GCC_NO_COMMON_BLOCKS = YES;
				GCC_WARN_64_TO_32_BIT_CONVERSION = YES;
				GCC_WARN_ABOUT_RETURN_TYPE = YES_ERROR;
				GCC_WARN_UNDECLARED_SELECTOR = YES;
				GCC_WARN_UNINITIALIZED_AUTOS = YES_AGGRESSIVE;
				GCC_WARN_UNUSED_FUNCTION = YES;
				GCC_WARN_UNUSED_VARIABLE = YES;
				LOCALIZATION_PREFERS_STRING_CATALOGS = YES;
				MACOSX_DEPLOYMENT_TARGET = 15.5;
				MTL_ENABLE_DEBUG_INFO = NO;
				MTL_FAST_MATH = YES;
				SDKROOT = macosx;
				SWIFT_COMPILATION_MODE = wholemodule;
			};
			name = Release;
		};
		49A235832E565E2B00283785 /* Debug */ = {
			isa = XCBuildConfiguration;
			buildSettings = {
				ASSETCATALOG_COMPILER_APPICON_NAME = AppIcon;
				ASSETCATALOG_COMPILER_GLOBAL_ACCENT_COLOR_NAME = AccentColor;
				CLANG_ENABLE_MODULES = YES;
				CODE_SIGN_ENTITLEMENTS = BankTransactApp/BankTransactApp.entitlements;
				CODE_SIGN_STYLE = Automatic;
				COMBINE_HIDPI_IMAGES = YES;
				CURRENT_PROJECT_VERSION = 1;
				ENABLE_PREVIEWS = YES;
				GENERATE_INFOPLIST_FILE = YES;
				INFOPLIST_KEY_NSHumanReadableCopyright = "";
				LD_RUNPATH_SEARCH_PATHS = (
					"$(inherited)",
					"@executable_path/../Frameworks",
				);
				MARKETING_VERSION = 1.0;
				PRODUCT_BUNDLE_IDENTIFIER = BankTransactApp.BankTransactApp;
				PRODUCT_NAME = "$(TARGET_NAME)";
				REGISTER_APP_GROUPS = YES;
				SWIFT_EMIT_LOC_STRINGS = YES;
				SWIFT_OBJC_BRIDGING_HEADER = "BankTransactApp/BankTransactApp-Bridging-Header.h";
				SWIFT_OPTIMIZATION_LEVEL = "-Onone";
				SWIFT_VERSION = 5.0;
			};
			name = Debug;
		};
		49A235842E565E2B00283785 /* Release */ = {
			isa = XCBuildConfiguration;
			buildSettings = {
				ASSETCATALOG_COMPILER_APPICON_NAME = AppIcon;
				ASSETCATALOG_COMPILER_GLOBAL_ACCENT_COLOR_NAME = AccentColor;
				CLANG_ENABLE_MODULES = YES;
				CODE_SIGN_ENTITLEMENTS = BankTransactApp/BankTransactApp.entitlements;
				CODE_SIGN_STYLE = Automatic;
				COMBINE_HIDPI_IMAGES = YES;
				CURRENT_PROJECT_VERSION = 1;
				ENABLE_PREVIEWS = YES;
				GENERATE_INFOPLIST_FILE = YES;
				INFOPLIST_KEY_NSHumanReadableCopyright = "";
				LD_RUNPATH_SEARCH_PATHS = (
					"$(inherited)",
					"@executable_path/../Frameworks",
				);
				MARKETING_VERSION = 1.0;
				PRODUCT_BUNDLE_IDENTIFIER = BankTransactApp.BankTransactApp;
				PRODUCT_NAME = "$(TARGET_NAME)";
				REGISTER_APP_GROUPS = YES;
				SWIFT_EMIT_LOC_STRINGS = YES;
				SWIFT_OBJC_BRIDGING_HEADER = "BankTransactApp/BankTransactApp-Bridging-Header.h";
				SWIFT_VERSION = 5.0;
			};
			name = Release;
		};
		49A235862E565E2B00283785 /* Debug */ = {
			isa = XCBuildConfiguration;
			buildSettings = {
				BUNDLE_LOADER = "$(TEST_HOST)";
				CODE_SIGN_STYLE = Automatic;
				CURRENT_PROJECT_VERSION = 1;
				GENERATE_INFOPLIST_FILE = YES;
				MACOSX_DEPLOYMENT_TARGET = 15.5;
				MARKETING_VERSION = 1.0;
				PRODUCT_BUNDLE_IDENTIFIER = BankTransactApp.BankTransactAppTests;
				PRODUCT_NAME = "$(TARGET_NAME)";
				SWIFT_EMIT_LOC_STRINGS = NO;
				SWIFT_VERSION = 5.0;
				TEST_HOST = "$(BUILT_PRODUCTS_DIR)/BankTransactApp.app/$(BUNDLE_EXECUTABLE_FOLDER_PATH)/BankTransactApp";
			};
			name = Debug;
		};
		49A235872E565E2B00283785 /* Release */ = {
			isa = XCBuildConfiguration;
			buildSettings = {
				BUNDLE_LOADER = "$(TEST_HOST)";
				CODE_SIGN_STYLE = Automatic;
				CURRENT_PROJECT_VERSION = 1;
				GENERATE_INFOPLIST_FILE = YES;
				MACOSX_DEPLOYMENT_TARGET = 15.5;
				MARKETING_VERSION = 1.0;
				PRODUCT_BUNDLE_IDENTIFIER = BankTransactApp.BankTransactAppTests;
				PRODUCT_NAME = "$(TARGET_NAME)";
				SWIFT_EMIT_LOC_STRINGS = NO;
				SWIFT_VERSION = 5.0;
				TEST_HOST = "$(BUILT_PRODUCTS_DIR)/BankTransactApp.app/$(BUNDLE_EXECUTABLE_FOLDER_PATH)/BankTransactApp";
			};
			name = Release;
		};
		49A235892E565E2B00283785 /* Debug */ = {
			isa = XCBuildConfiguration;
			buildSettings = {
				CODE_SIGN_STYLE = Automatic;
				CURRENT_PROJECT_VERSION = 1;
				GENERATE_INFOPLIST_FILE = YES;
				MARKETING_VERSION = 1.0;
				PRODUCT_BUNDLE_IDENTIFIER = BankTransactApp.BankTransactAppUITests;
				PRODUCT_NAME = "$(TARGET_NAME)";
				SWIFT_EMIT_LOC_STRINGS = NO;
				SWIFT_VERSION = 5.0;
				TEST_TARGET_NAME = BankTransactApp;
			};
			name = Debug;
		};
		49A2358A2E565E2B00283785 /* Release */ = {
			isa = XCBuildConfiguration;
			buildSettings = {
				CODE_SIGN_STYLE = Automatic;
				CURRENT_PROJECT_VERSION = 1;
				GENERATE_INFOPLIST_FILE = YES;
				MARKETING_VERSION = 1.0;
				PRODUCT_BUNDLE_IDENTIFIER = BankTransactApp.BankTransactAppUITests;
				PRODUCT_NAME = "$(TARGET_NAME)";
				SWIFT_EMIT_LOC_STRINGS = NO;
				SWIFT_VERSION = 5.0;
				TEST_TARGET_NAME = BankTransactApp;
			};
			name = Release;
		};
/* End XCBuildConfiguration section */

/* Begin XCConfigurationList section */
		49A2355B2E565E2900283785 /* Build configuration list for PBXProject "BankTransactApp" */ = {
			isa = XCConfigurationList;
			buildConfigurations = (
				49A235802E565E2B00283785 /* Debug */,
				49A235812E565E2B00283785 /* Release */,
			);
			defaultConfigurationIsVisible = 0;
			defaultConfigurationName = Release;
		};
		49A235822E565E2B00283785 /* Build configuration list for PBXNativeTarget "BankTransactApp" */ = {
			isa = XCConfigurationList;
			buildConfigurations = (
				49A235832E565E2B00283785 /* Debug */,
				49A235842E565E2B00283785 /* Release */,
			);
			defaultConfigurationIsVisible = 0;
			defaultConfigurationName = Release;
		};
		49A235852E565E2B00283785 /* Build configuration list for PBXNativeTarget "BankTransactAppTests" */ = {
			isa = XCConfigurationList;
			buildConfigurations = (
				49A235862E565E2B00283785 /* Debug */,
				49A235872E565E2B00283785 /* Release */,
			);
			defaultConfigurationIsVisible = 0;
			defaultConfigurationName = Release;
		};
		49A235882E565E2B00283785 /* Build configuration list for PBXNativeTarget "BankTransactAppUITests" */ = {
			isa = XCConfigurationList;
			buildConfigurations = (
				49A235892E565E2B00283785 /* Debug */,
				49A2358A2E565E2B00283785 /* Release */,
			);
			defaultConfigurationIsVisible = 0;
			defaultConfigurationName = Release;
		};
/* End XCConfigurationList section */
	};
	rootObject = 49A235582E565E2900283785 /* Project object */;
}
